
Microsoft Visual Studio Solution File, Format Version 12.00
# Visual Studio Version 17
VisualStudioVersion = 17.14.36429.23 d17.14
MinimumVisualStudioVersion = 10.0.40219.1
Project("{FAE04EC0-301F-11D3-BF4B-00C04F79EFBC}") = "Registros", "Registros\Registros.csproj", "{3AA6AD2E-81C0-4211-94F1-99E5BDDDA7CF}"
EndProject
Global
	GlobalSection(SolutionConfigurationPlatforms) = preSolution
		Debug|Any CPU = Debug|Any CPU
		Release|Any CPU = Release|Any CPU
	EndGlobalSection
	GlobalSection(ProjectConfigurationPlatforms) = postSolution
		{3AA6AD2E-81C0-4211-94F1-99E5BDDDA7CF}.Debug|Any CPU.ActiveCfg = Debug|Any CPU
		{3AA6AD2E-81C0-4211-94F1-99E5BDDDA7CF}.Debug|Any CPU.Build.0 = Debug|Any CPU
		{3AA6AD2E-81C0-4211-94F1-99E5BDDDA7CF}.Release|Any CPU.ActiveCfg = Release|Any CPU
		{3AA6AD2E-81C0-4211-94F1-99E5BDDDA7CF}.Release|Any CPU.Build.0 = Release|Any CPU
	EndGlobalSection
	GlobalSection(SolutionProperties) = preSolution
		HideSolutionNode = FALSE
	EndGlobalSection
	GlobalSection(ExtensibilityGlobals) = postSolution
		SolutionGuid = {818E05BC-5F62-4D9E-8308-861C6D5C95FB}
	EndGlobalSection
EndGlobal
